
Microsoft Visual Studio Solution File, Format Version 12.00
# Visual Studio Version 16
VisualStudioVersion = 16.0.33423.256
MinimumVisualStudioVersion = 10.0.40219.1
Project("{8BC9CEB8-8B4A-11D0-8D11-00A0C91BC942}") = "2024_0516 ポリゴンを描画", "2024_0516 ポリゴンを描画.vcxproj", "{50BB3F31-954F-4A1E-B976-DC03F0C5EBAD}"
EndProject
Global
	GlobalSection(SolutionConfigurationPlatforms) = preSolution
		Debug|x64 = Debug|x64
		Debug|x86 = Debug|x86
		Release|x64 = Release|x64
		Release|x86 = Release|x86
	EndGlobalSection
	GlobalSection(ProjectConfigurationPlatforms) = postSolution
		{50BB3F31-954F-4A1E-B976-DC03F0C5EBAD}.Debug|x64.ActiveCfg = Debug|x64
		{50BB3F31-954F-4A1E-B976-DC03F0C5EBAD}.Debug|x64.Build.0 = Debug|x64
		{50BB3F31-954F-4A1E-B976-DC03F0C5EBAD}.Debug|x86.ActiveCfg = Debug|Win32
		{50BB3F31-954F-4A1E-B976-DC03F0C5EBAD}.Debug|x86.Build.0 = Debug|Win32
		{50BB3F31-954F-4A1E-B976-DC03F0C5EBAD}.Release|x64.ActiveCfg = Release|x64
		{50BB3F31-954F-4A1E-B976-DC03F0C5EBAD}.Release|x64.Build.0 = Release|x64
		{50BB3F31-954F-4A1E-B976-DC03F0C5EBAD}.Release|x86.ActiveCfg = Release|Win32
		{50BB3F31-954F-4A1E-B976-DC03F0C5EBAD}.Release|x86.Build.0 = Release|Win32
	EndGlobalSection
	GlobalSection(SolutionProperties) = preSolution
		HideSolutionNode = FALSE
	EndGlobalSection
	GlobalSection(ExtensibilityGlobals) = postSolution
		SolutionGuid = {D396AE8D-3CA7-4B19-8F9F-3302A81330C4}
	EndGlobalSection
EndGlobal
