<?xml version="1.0" encoding="utf-8"?>
<Project ToolsVersion="4.0" xmlns="http://schemas.microsoft.com/developer/msbuild/2003">
  <ItemGroup>
    <Filter Include="ソース ファイル">
      <UniqueIdentifier>{4FC737F1-C7A5-4376-A066-2A32D752A2FF}</UniqueIdentifier>
      <Extensions>cpp;c;cc;cxx;c++;cppm;ixx;def;odl;idl;hpj;bat;asm;asmx</Extensions>
    </Filter>
    <Filter Include="ヘッダー ファイル">
      <UniqueIdentifier>{93995380-89BD-4b04-88EB-625FBE52EBFB}</UniqueIdentifier>
      <Extensions>h;hh;hpp;hxx;h++;hm;inl;inc;ipp;xsd</Extensions>
    </Filter>
    <Filter Include="リソース ファイル">
      <UniqueIdentifier>{67DA6AB6-F800-4c08-8B7A-83BB121AAD01}</UniqueIdentifier>
      <Extensions>rc;ico;cur;bmp;dlg;rc2;rct;bin;rgs;gif;jpg;jpeg;jpe;resx;tiff;tif;png;wav;mfcribbon-ms</Extensions>
    </Filter>
    <Filter Include="Game">
      <UniqueIdentifier>{1f681e0a-ce63-4fa2-84a1-f16c64b1c13e}</UniqueIdentifier>
    </Filter>
    <Filter Include="UI">
      <UniqueIdentifier>{4d0cf4a2-c72c-4211-8a1d-c7faf5802a35}</UniqueIdentifier>
    </Filter>
    <Filter Include="Title">
      <UniqueIdentifier>{b4e3c04a-9071-4876-8a8a-0cb1f4344268}</UniqueIdentifier>
    </Filter>
    <Filter Include="Result">
      <UniqueIdentifier>{25af3d6a-bc09-4025-8df3-642eb427c3d8}</UniqueIdentifier>
    </Filter>
    <Filter Include="System">
      <UniqueIdentifier>{a97ef232-629b-4d34-9afb-e782e249c216}</UniqueIdentifier>
    </Filter>
    <Filter Include="tutorial">
      <UniqueIdentifier>{6545bb62-5a2e-4683-894b-55927f3a707c}</UniqueIdentifier>
    </Filter>
  </ItemGroup>
  <ItemGroup>
    <ClCompile Include="main.cpp">
      <Filter>ソース ファイル</Filter>
    </ClCompile>
    <ClCompile Include="bg.cpp">
      <Filter>ソース ファイル</Filter>
    </ClCompile>
    <ClCompile Include="explosion.cpp">
      <Filter>ソース ファイル</Filter>
    </ClCompile>
    <ClCompile Include="bullet.cpp">
      <Filter>ソース ファイル</Filter>
    </ClCompile>
    <ClCompile Include="light.cpp">
      <Filter>ソース ファイル</Filter>
    </ClCompile>
    <ClCompile Include="fade.cpp">
      <Filter>ソース ファイル</Filter>
    </ClCompile>
    <ClCompile Include="block.cpp">
      <Filter>Game</Filter>
    </ClCompile>
    <ClCompile Include="enemy.cpp">
      <Filter>Game</Filter>
    </ClCompile>
    <ClCompile Include="game.cpp">
      <Filter>Game</Filter>
    </ClCompile>
    <ClCompile Include="player.cpp">
      <Filter>Game</Filter>
    </ClCompile>
    <ClCompile Include="background.cpp">
      <Filter>UI</Filter>
    </ClCompile>
    <ClCompile Include="stageselect.cpp">
      <Filter>Game</Filter>
    </ClCompile>
    <ClCompile Include="item.cpp">
      <Filter>Game</Filter>
    </ClCompile>
    <ClCompile Include="floor.cpp">
      <Filter>Game</Filter>
    </ClCompile>
    <ClCompile Include="goal.cpp">
      <Filter>Game</Filter>
    </ClCompile>
    <ClCompile Include="backblock.cpp">
      <Filter>Game</Filter>
    </ClCompile>
    <ClCompile Include="time.cpp">
      <Filter>Game</Filter>
    </ClCompile>
    <ClCompile Include="effect_x.cpp">
      <Filter>ソース ファイル</Filter>
    </ClCompile>
    <ClCompile Include="result.cpp">
      <Filter>Result</Filter>
    </ClCompile>
    <ClCompile Include="camera.cpp">
      <Filter>System</Filter>
    </ClCompile>
    <ClCompile Include="renderer.cpp">
      <Filter>System</Filter>
    </ClCompile>
    <ClCompile Include="sound.cpp">
      <Filter>System</Filter>
    </ClCompile>
    <ClCompile Include="manager.cpp">
      <Filter>System</Filter>
    </ClCompile>
    <ClCompile Include="scene.cpp">
      <Filter>System</Filter>
    </ClCompile>
    <ClCompile Include="model.cpp">
      <Filter>System</Filter>
    </ClCompile>
    <ClCompile Include="objectX.cpp">
      <Filter>System</Filter>
    </ClCompile>
    <ClCompile Include="object.cpp">
      <Filter>System</Filter>
    </ClCompile>
    <ClCompile Include="object2D.cpp">
      <Filter>System</Filter>
    </ClCompile>
    <ClCompile Include="object3D.cpp">
      <Filter>System</Filter>
    </ClCompile>
    <ClCompile Include="number.cpp">
      <Filter>UI</Filter>
    </ClCompile>
    <ClCompile Include="tutorialUI.cpp">
      <Filter>UI</Filter>
    </ClCompile>
    <ClCompile Include="title.cpp">
      <Filter>Title</Filter>
    </ClCompile>
    <ClCompile Include="texture.cpp">
      <Filter>System</Filter>
    </ClCompile>
    <ClCompile Include="input.cpp">
      <Filter>System</Filter>
    </ClCompile>
    <ClCompile Include="resultrank.cpp">
      <Filter>UI</Filter>
    </ClCompile>
    <ClCompile Include="tutorial.cpp">
      <Filter>tutorial</Filter>
    </ClCompile>
    <ClCompile Include="numplayer.cpp">
      <Filter>UI</Filter>
    </ClCompile>
    <ClCompile Include="playermanager.cpp">
      <Filter>ソース ファイル</Filter>
    </ClCompile>
  </ItemGroup>
  <ItemGroup>
    <ClInclude Include="main.h">
      <Filter>ヘッダー ファイル</Filter>
    </ClInclude>
    <ClInclude Include="renderer.h">
      <Filter>ヘッダー ファイル</Filter>
    </ClInclude>
    <ClInclude Include="object.h">
      <Filter>ヘッダー ファイル</Filter>
    </ClInclude>
    <ClInclude Include="object2D.h">
      <Filter>ヘッダー ファイル</Filter>
    </ClInclude>
    <ClInclude Include="bg.h">
      <Filter>ヘッダー ファイル</Filter>
    </ClInclude>
    <ClInclude Include="explosion.h">
      <Filter>ヘッダー ファイル</Filter>
    </ClInclude>
    <ClInclude Include="bullet.h">
      <Filter>ヘッダー ファイル</Filter>
    </ClInclude>
    <ClInclude Include="manager.h">
      <Filter>ヘッダー ファイル</Filter>
    </ClInclude>
    <ClInclude Include="input.h">
      <Filter>ヘッダー ファイル</Filter>
    </ClInclude>
    <ClInclude Include="enemy.h">
      <Filter>ヘッダー ファイル</Filter>
    </ClInclude>
    <ClInclude Include="object3D.h">
      <Filter>ヘッダー ファイル</Filter>
    </ClInclude>
    <ClInclude Include="light.h">
      <Filter>ヘッダー ファイル</Filter>
    </ClInclude>
    <ClInclude Include="camera.h">
      <Filter>ヘッダー ファイル</Filter>
    </ClInclude>
    <ClInclude Include="floor.h">
      <Filter>ヘッダー ファイル</Filter>
    </ClInclude>
    <ClInclude Include="objectX.h">
      <Filter>ヘッダー ファイル</Filter>
    </ClInclude>
    <ClInclude Include="player.h">
      <Filter>ヘッダー ファイル</Filter>
    </ClInclude>
    <ClInclude Include="block.h">
      <Filter>ヘッダー ファイル</Filter>
    </ClInclude>
    <ClInclude Include="scene.h">
      <Filter>ヘッダー ファイル</Filter>
    </ClInclude>
    <ClInclude Include="texture.h">
      <Filter>ヘッダー ファイル</Filter>
    </ClInclude>
    <ClInclude Include="title.h">
      <Filter>ヘッダー ファイル</Filter>
    </ClInclude>
    <ClInclude Include="game.h">
      <Filter>ヘッダー ファイル</Filter>
    </ClInclude>
    <ClInclude Include="result.h">
      <Filter>ヘッダー ファイル</Filter>
    </ClInclude>
    <ClInclude Include="fade.h">
      <Filter>ヘッダー ファイル</Filter>
    </ClInclude>
    <ClInclude Include="model.h">
      <Filter>ヘッダー ファイル</Filter>
    </ClInclude>
    <ClInclude Include="stageselect.h">
      <Filter>ヘッダー ファイル</Filter>
    </ClInclude>
    <ClInclude Include="background.h">
      <Filter>ヘッダー ファイル</Filter>
    </ClInclude>
    <ClInclude Include="item.h">
      <Filter>ヘッダー ファイル</Filter>
    </ClInclude>
    <ClInclude Include="goal.h">
      <Filter>ヘッダー ファイル</Filter>
    </ClInclude>
    <ClInclude Include="backblock.h">
      <Filter>ヘッダー ファイル</Filter>
    </ClInclude>
    <ClInclude Include="time.h">
      <Filter>ヘッダー ファイル</Filter>
    </ClInclude>
    <ClInclude Include="number.h">
      <Filter>ヘッダー ファイル</Filter>
    </ClInclude>
    <ClInclude Include="tutorialUI.h">
      <Filter>ヘッダー ファイル</Filter>
    </ClInclude>
    <ClInclude Include="effect_x.h">
      <Filter>ヘッダー ファイル</Filter>
    </ClInclude>
    <ClInclude Include="sound.h">
      <Filter>ヘッダー ファイル</Filter>
    </ClInclude>
    <ClInclude Include="resultrank.h">
      <Filter>ヘッダー ファイル</Filter>
    </ClInclude>
    <ClInclude Include="tutorial.h">
      <Filter>ヘッダー ファイル</Filter>
    </ClInclude>
    <ClInclude Include="numplayer.h">
      <Filter>ヘッダー ファイル</Filter>
    </ClInclude>
    <ClInclude Include="playermanager.h">
      <Filter>ヘッダー ファイル</Filter>
    </ClInclude>
  </ItemGroup>
</Project>